
Microsoft Visual Studio Solution File, Format Version 12.00
# Visual Studio Version 17
VisualStudioVersion = 17.11.35312.102
MinimumVisualStudioVersion = 10.0.40219.1
Project("{FAE04EC0-301F-11D3-BF4B-00C04F79EFBC}") = "FilmesApi", "FilmesApi\FilmesApi.csproj", "{F1388CE6-4F6F-45F6-8A1D-14874CB54110}"
EndProject
Global
	GlobalSection(SolutionConfigurationPlatforms) = preSolution
		Debug|Any CPU = Debug|Any CPU
		Release|Any CPU = Release|Any CPU
	EndGlobalSection
	GlobalSection(ProjectConfigurationPlatforms) = postSolution
		{F1388CE6-4F6F-45F6-8A1D-14874CB54110}.Debug|Any CPU.ActiveCfg = Debug|Any CPU
		{F1388CE6-4F6F-45F6-8A1D-14874CB54110}.Debug|Any CPU.Build.0 = Debug|Any CPU
		{F1388CE6-4F6F-45F6-8A1D-14874CB54110}.Release|Any CPU.ActiveCfg = Release|Any CPU
		{F1388CE6-4F6F-45F6-8A1D-14874CB54110}.Release|Any CPU.Build.0 = Release|Any CPU
	EndGlobalSection
	GlobalSection(SolutionProperties) = preSolution
		HideSolutionNode = FALSE
	EndGlobalSection
	GlobalSection(ExtensibilityGlobals) = postSolution
		SolutionGuid = {1685D84E-A504-44E2-A458-A10A03FC8D5F}
	EndGlobalSection
EndGlobal
